
Microsoft Visual Studio Solution File, Format Version 12.00
# Visual Studio Version 17
VisualStudioVersion = 17.5.33516.290
MinimumVisualStudioVersion = 10.0.40219.1
Project("{FAE04EC0-301F-11D3-BF4B-00C04F79EFBC}") = "ZarOyunu", "ZarOyunu\ZarOyunu.csproj", "{8117F46A-B965-432D-B901-4A78AEDF3497}"
EndProject
Global
	GlobalSection(SolutionConfigurationPlatforms) = preSolution
		Debug|Any CPU = Debug|Any CPU
		Release|Any CPU = Release|Any CPU
	EndGlobalSection
	GlobalSection(ProjectConfigurationPlatforms) = postSolution
		{8117F46A-B965-432D-B901-4A78AEDF3497}.Debug|Any CPU.ActiveCfg = Debug|Any CPU
		{8117F46A-B965-432D-B901-4A78AEDF3497}.Debug|Any CPU.Build.0 = Debug|Any CPU
		{8117F46A-B965-432D-B901-4A78AEDF3497}.Release|Any CPU.ActiveCfg = Release|Any CPU
		{8117F46A-B965-432D-B901-4A78AEDF3497}.Release|Any CPU.Build.0 = Release|Any CPU
	EndGlobalSection
	GlobalSection(SolutionProperties) = preSolution
		HideSolutionNode = FALSE
	EndGlobalSection
	GlobalSection(ExtensibilityGlobals) = postSolution
		SolutionGuid = {8F725EC2-9E85-4504-AF3F-494855478B1B}
	EndGlobalSection
EndGlobal
